
Microsoft Visual Studio Solution File, Format Version 12.00
# Visual Studio Version 17
VisualStudioVersion = 17.1.32407.343
MinimumVisualStudioVersion = 10.0.40219.1
Project("{FAE04EC0-301F-11D3-BF4B-00C04F79EFBC}") = "Centros de Triaje", "Centros de Triaje.csproj", "{AFA27241-6084-42B8-82ED-A92E3C4A0A84}"
EndProject
Global
	GlobalSection(SolutionConfigurationPlatforms) = preSolution
		Debug|Any CPU = Debug|Any CPU
		Release|Any CPU = Release|Any CPU
	EndGlobalSection
	GlobalSection(ProjectConfigurationPlatforms) = postSolution
		{AFA27241-6084-42B8-82ED-A92E3C4A0A84}.Debug|Any CPU.ActiveCfg = Debug|Any CPU
		{AFA27241-6084-42B8-82ED-A92E3C4A0A84}.Debug|Any CPU.Build.0 = Debug|Any CPU
		{AFA27241-6084-42B8-82ED-A92E3C4A0A84}.Release|Any CPU.ActiveCfg = Release|Any CPU
		{AFA27241-6084-42B8-82ED-A92E3C4A0A84}.Release|Any CPU.Build.0 = Release|Any CPU
	EndGlobalSection
	GlobalSection(SolutionProperties) = preSolution
		HideSolutionNode = FALSE
	EndGlobalSection
	GlobalSection(ExtensibilityGlobals) = postSolution
		SolutionGuid = {918EE0E9-D3B4-4278-B638-9BD9FED6E10A}
	EndGlobalSection
EndGlobal
